<?xml version="1.0" encoding="utf-8"?>
<Project ToolsVersion="4.0" xmlns="http://schemas.microsoft.com/developer/msbuild/2003">
  <ItemGroup>
    <Filter Include="Source Files">
      <UniqueIdentifier>{4FC737F1-C7A5-4376-A066-2A32D752A2FF}</UniqueIdentifier>
      <Extensions>cpp;c;cc;cxx;def;odl;idl;hpj;bat;asm;asmx</Extensions>
    </Filter>
    <Filter Include="Header Files">
      <UniqueIdentifier>{93995380-89BD-4b04-88EB-625FBE52EBFB}</UniqueIdentifier>
      <Extensions>h;hh;hpp;hxx;hm;inl;inc;xsd</Extensions>
    </Filter>
    <Filter Include="Resource Files">
      <UniqueIdentifier>{67DA6AB6-F800-4c08-8B7A-83BB121AAD01}</UniqueIdentifier>
      <Extensions>rc;ico;cur;bmp;dlg;rc2;rct;bin;rgs;gif;jpg;jpeg;jpe;resx;tiff;tif;png;wav;mfcribbon-ms</Extensions>
    </Filter>
  </ItemGroup>
  <ItemGroup>
    <ClCompile Include="Main.cpp">
      <Filter>Source Files</Filter>
    </ClCompile>
    <ClCompile Include="Global.cpp">
      <Filter>Source Files</Filter>
    </ClCompile>
    <ClCompile Include="Math.cpp">
      <Filter>Source Files</Filter>
    </ClCompile>
    <ClCompile Include="PhysObject.cpp">
      <Filter>Source Files</Filter>
    </ClCompile>
    <ClCompile Include="Colliders.cpp">
      <Filter>Source Files</Filter>
    </ClCompile>
    <ClCompile Include="BaseEntity.cpp">
      <Filter>Source Files</Filter>
    </ClCompile>
    <ClCompile Include="PhysEntity.cpp">
      <Filter>Source Files</Filter>
    </ClCompile>
    <ClCompile Include="StaticEntity.cpp">
      <Filter>Source Files</Filter>
    </ClCompile>
    <ClCompile Include="EntityManager.cpp">
      <Filter>Source Files</Filter>
    </ClCompile>
    <ClCompile Include="RenderManager.cpp">
      <Filter>Source Files</Filter>
    </ClCompile>
    <ClCompile Include="CString.cpp">
      <Filter>Source Files</Filter>
    </ClCompile>
    <ClCompile Include="UTIL.cpp">
      <Filter>Source Files</Filter>
    </ClCompile>
    <ClCompile Include="InputManager.cpp">
      <Filter>Source Files</Filter>
    </ClCompile>
    <ClCompile Include="PlayerManager.cpp">
      <Filter>Source Files</Filter>
    </ClCompile>
    <ClCompile Include="Animation.cpp">
      <Filter>Source Files</Filter>
    </ClCompile>
    <ClCompile Include="AnimationController.cpp">
      <Filter>Source Files</Filter>
    </ClCompile>
    <ClCompile Include="HUDManager.cpp">
      <Filter>Source Files</Filter>
    </ClCompile>
    <ClCompile Include="CommandProcessor.cpp">
      <Filter>Source Files</Filter>
    </ClCompile>
    <ClCompile Include="BaseHUDElement.cpp">
      <Filter>Source Files</Filter>
    </ClCompile>
    <ClCompile Include="ButtonHUDElement.cpp">
      <Filter>Source Files</Filter>
    </ClCompile>
    <ClCompile Include="TextHUDElement.cpp">
      <Filter>Source Files</Filter>
    </ClCompile>
    <ClCompile Include="FileManager.cpp">
      <Filter>Source Files</Filter>
    </ClCompile>
    <ClCompile Include="TextButtonHUDElement.cpp">
      <Filter>Source Files</Filter>
    </ClCompile>
    <ClCompile Include="ConsoleHUDElement.cpp">
      <Filter>Source Files</Filter>
    </ClCompile>
    <ClCompile Include="InputHUDElement.cpp">
      <Filter>Source Files</Filter>
    </ClCompile>
    <ClCompile Include="TextInput.cpp">
      <Filter>Source Files</Filter>
    </ClCompile>
    <ClCompile Include="StatViewerHUDElement.cpp">
      <Filter>Source Files</Filter>
    </ClCompile>
    <ClCompile Include="AudioManager.cpp">
      <Filter>Source Files</Filter>
    </ClCompile>
  </ItemGroup>
  <ItemGroup>
    <ClInclude Include="Global.h">
      <Filter>Header Files</Filter>
    </ClInclude>
    <ClInclude Include="PhysObject.h">
      <Filter>Header Files</Filter>
    </ClInclude>
    <ClInclude Include="Math.h">
      <Filter>Header Files</Filter>
    </ClInclude>
    <ClInclude Include="Colliders.h">
      <Filter>Header Files</Filter>
    </ClInclude>
    <ClInclude Include="DataStructures.h">
      <Filter>Header Files</Filter>
    </ClInclude>
    <ClInclude Include="BaseEntity.h">
      <Filter>Header Files</Filter>
    </ClInclude>
    <ClInclude Include="PhysEntity.h">
      <Filter>Header Files</Filter>
    </ClInclude>
    <ClInclude Include="StaticEntity.h">
      <Filter>Header Files</Filter>
    </ClInclude>
    <ClInclude Include="EntityManager.h">
      <Filter>Header Files</Filter>
    </ClInclude>
    <ClInclude Include="RenderManager.h">
      <Filter>Header Files</Filter>
    </ClInclude>
    <ClInclude Include="CString.h">
      <Filter>Header Files</Filter>
    </ClInclude>
    <ClInclude Include="UTIL.h">
      <Filter>Header Files</Filter>
    </ClInclude>
    <ClInclude Include="InputManager.h">
      <Filter>Header Files</Filter>
    </ClInclude>
    <ClInclude Include="PlayerManager.h">
      <Filter>Header Files</Filter>
    </ClInclude>
    <ClInclude Include="Animation.h">
      <Filter>Header Files</Filter>
    </ClInclude>
    <ClInclude Include="AnimationController.h">
      <Filter>Header Files</Filter>
    </ClInclude>
    <ClInclude Include="HUDManager.h">
      <Filter>Header Files</Filter>
    </ClInclude>
    <ClInclude Include="CommandProcessor.h">
      <Filter>Header Files</Filter>
    </ClInclude>
    <ClInclude Include="BaseHUDElement.h">
      <Filter>Header Files</Filter>
    </ClInclude>
    <ClInclude Include="ButtonHUDElement.h">
      <Filter>Header Files</Filter>
    </ClInclude>
    <ClInclude Include="TextHUDElement.h">
      <Filter>Header Files</Filter>
    </ClInclude>
    <ClInclude Include="PreGlobal.h">
      <Filter>Header Files</Filter>
    </ClInclude>
    <ClInclude Include="FileManager.h">
      <Filter>Header Files</Filter>
    </ClInclude>
    <ClInclude Include="TextButtonHUDElement.h">
      <Filter>Header Files</Filter>
    </ClInclude>
    <ClInclude Include="ConsoleHUDElement.h">
      <Filter>Header Files</Filter>
    </ClInclude>
    <ClInclude Include="InputHUDElement.h">
      <Filter>Header Files</Filter>
    </ClInclude>
    <ClInclude Include="TextInput.h">
      <Filter>Header Files</Filter>
    </ClInclude>
    <ClInclude Include="PhysGlobal.h">
      <Filter>Header Files</Filter>
    </ClInclude>
    <ClInclude Include="StatViewerHUDElement.h">
      <Filter>Header Files</Filter>
    </ClInclude>
    <ClInclude Include="AudioManager.h">
      <Filter>Header Files</Filter>
    </ClInclude>
  </ItemGroup>
</Project>